
Microsoft Visual Studio Solution File, Format Version 12.00
# Visual Studio Version 17
VisualStudioVersion = 17.13.35931.197
MinimumVisualStudioVersion = 10.0.40219.1
Project("{FAE04EC0-301F-11D3-BF4B-00C04F79EFBC}") = "Eddian_Vasquez_Ap1_P2", "Eddian_Vasquez_Ap1_P2\Eddian_Vasquez_Ap1_P2.csproj", "{D71D029E-B270-4008-A3BD-74C247F4557E}"
EndProject
Global
	GlobalSection(SolutionConfigurationPlatforms) = preSolution
		Debug|Any CPU = Debug|Any CPU
		Release|Any CPU = Release|Any CPU
	EndGlobalSection
	GlobalSection(ProjectConfigurationPlatforms) = postSolution
		{D71D029E-B270-4008-A3BD-74C247F4557E}.Debug|Any CPU.ActiveCfg = Debug|Any CPU
		{D71D029E-B270-4008-A3BD-74C247F4557E}.Debug|Any CPU.Build.0 = Debug|Any CPU
		{D71D029E-B270-4008-A3BD-74C247F4557E}.Release|Any CPU.ActiveCfg = Release|Any CPU
		{D71D029E-B270-4008-A3BD-74C247F4557E}.Release|Any CPU.Build.0 = Release|Any CPU
	EndGlobalSection
	GlobalSection(SolutionProperties) = preSolution
		HideSolutionNode = FALSE
	EndGlobalSection
	GlobalSection(ExtensibilityGlobals) = postSolution
		SolutionGuid = {AEE01ED7-F19F-4397-9ECD-B43CFDE8FD18}
	EndGlobalSection
EndGlobal
